
Microsoft Visual Studio Solution File, Format Version 12.00
# Visual Studio Version 17
VisualStudioVersion = 17.8.34309.116
MinimumVisualStudioVersion = 10.0.40219.1
Project("{FAE04EC0-301F-11D3-BF4B-00C04F79EFBC}") = "CalculatorApiRest", "CalculatorApiRest.csproj", "{6311D4BD-0135-4AC3-ACCE-E07304D22CB6}"
EndProject
Global
	GlobalSection(SolutionConfigurationPlatforms) = preSolution
		Debug|Any CPU = Debug|Any CPU
		Release|Any CPU = Release|Any CPU
	EndGlobalSection
	GlobalSection(ProjectConfigurationPlatforms) = postSolution
		{6311D4BD-0135-4AC3-ACCE-E07304D22CB6}.Debug|Any CPU.ActiveCfg = Debug|Any CPU
		{6311D4BD-0135-4AC3-ACCE-E07304D22CB6}.Debug|Any CPU.Build.0 = Debug|Any CPU
		{6311D4BD-0135-4AC3-ACCE-E07304D22CB6}.Release|Any CPU.ActiveCfg = Release|Any CPU
		{6311D4BD-0135-4AC3-ACCE-E07304D22CB6}.Release|Any CPU.Build.0 = Release|Any CPU
	EndGlobalSection
	GlobalSection(SolutionProperties) = preSolution
		HideSolutionNode = FALSE
	EndGlobalSection
	GlobalSection(ExtensibilityGlobals) = postSolution
		SolutionGuid = {9AD13BF3-1F2E-46B4-8230-4FEAA2B6F592}
	EndGlobalSection
EndGlobal
